{
  "name": "@blocks/react",
  "version": "0.0.64",
  "lockfileVersion": 1,
  "requires": true,
  "dependencies": {
    "@babel/runtime": {
      "version": "7.10.5",
      "resolved": "https://registry.npmjs.intuit.com:443/artifactory/api/npm/npm-intuit/@babel/runtime/-/runtime-7.10.5.tgz",
      "integrity": "sha1-MD2L1EDs1aSR6uYRf9M2dphnTFw=",
      "requires": {
        "regenerator-runtime": "^0.13.4"
      }
    },
    "@loadable/component": {
      "version": "5.13.1",
      "resolved": "https://registry.npmjs.intuit.com:443/artifactory/api/npm/npm-intuit/@loadable/component/-/component-5.13.1.tgz",
      "integrity": "sha1-t2UKdvnMHMzxf3kmXcBbnmLaqqI=",
      "requires": {
        "@babel/runtime": "^7.7.7",
        "hoist-non-react-statics": "^3.3.1",
        "react-is": "^16.12.0"
      }
    },
    "css-box-model": {
      "version": "1.2.1",
      "resolved": "https://registry.npmjs.intuit.com:443/artifactory/api/npm/npm-intuit/css-box-model/-/css-box-model-1.2.1.tgz",
      "integrity": "sha1-WZUdO4H9ayB0pi1JREQVsNK018E=",
      "requires": {
        "tiny-invariant": "^1.0.6"
      }
    },
    "hoist-non-react-statics": {
      "version": "3.3.2",
      "resolved": "https://registry.npmjs.intuit.com:443/artifactory/api/npm/npm-intuit/hoist-non-react-statics/-/hoist-non-react-statics-3.3.2.tgz",
      "integrity": "sha1-7OCsr3HWLClpwuxZ/v9CpLGoW0U=",
      "requires": {
        "react-is": "^16.7.0"
      }
    },
    "js-tokens": {
      "version": "4.0.0",
      "resolved": "https://registry.npmjs.intuit.com:443/artifactory/api/npm/npm-intuit/js-tokens/-/js-tokens-4.0.0.tgz",
      "integrity": "sha1-GSA/tZmR35jjoocFDUZHzerzJJk="
    },
    "loose-envify": {
      "version": "1.4.0",
      "resolved": "https://registry.npmjs.intuit.com:443/artifactory/api/npm/npm-intuit/loose-envify/-/loose-envify-1.4.0.tgz",
      "integrity": "sha1-ce5R+nvkyuwaY4OffmgtgTLTDK8=",
      "requires": {
        "js-tokens": "^3.0.0 || ^4.0.0"
      }
    },
    "memoize-one": {
      "version": "5.1.1",
      "resolved": "https://registry.npmjs.intuit.com:443/artifactory/api/npm/npm-intuit/memoize-one/-/memoize-one-5.1.1.tgz",
      "integrity": "sha1-BHtuMZm1COrsA1BN5xIpuOsddcA="
    },
    "object-assign": {
      "version": "4.1.1",
      "resolved": "https://registry.npmjs.intuit.com:443/artifactory/api/npm/npm-intuit/object-assign/-/object-assign-4.1.1.tgz",
      "integrity": "sha1-IQmtx5ZYh8/AXLvUQsrIv7s2CGM="
    },
    "prop-types": {
      "version": "15.7.2",
      "resolved": "https://registry.npmjs.intuit.com:443/artifactory/api/npm/npm-intuit/prop-types/-/prop-types-15.7.2.tgz",
      "integrity": "sha1-UsQedbjIfnK52TYOAga5ncv/psU=",
      "requires": {
        "loose-envify": "^1.4.0",
        "object-assign": "^4.1.1",
        "react-is": "^16.8.1"
      }
    },
    "raf-schd": {
      "version": "4.0.2",
      "resolved": "https://registry.npmjs.intuit.com:443/artifactory/api/npm/npm-intuit/raf-schd/-/raf-schd-4.0.2.tgz",
      "integrity": "sha1-vUTHCBiPLoTIEL9V/OqSMbyu2KA="
    },
    "react-beautiful-dnd": {
      "version": "13.0.0",
      "resolved": "https://registry.npmjs.intuit.com:443/artifactory/api/npm/npm-intuit/react-beautiful-dnd/-/react-beautiful-dnd-13.0.0.tgz",
      "integrity": "sha1-9wzI/4K4S8cY+K8VfJ+VdXpsO0A=",
      "requires": {
        "@babel/runtime": "^7.8.4",
        "css-box-model": "^1.2.0",
        "memoize-one": "^5.1.1",
        "raf-schd": "^4.0.2",
        "react-redux": "^7.1.1",
        "redux": "^4.0.4",
        "use-memo-one": "^1.1.1"
      }
    },
    "react-is": {
      "version": "16.13.1",
      "resolved": "https://registry.npmjs.intuit.com:443/artifactory/api/npm/npm-intuit/react-is/-/react-is-16.13.1.tgz",
      "integrity": "sha1-eJcppNw23imZ3BVt1sHZwYzqVqQ="
    },
    "react-redux": {
      "version": "7.2.0",
      "resolved": "https://registry.npmjs.intuit.com:443/artifactory/api/npm/npm-intuit/react-redux/-/react-redux-7.2.0.tgz",
      "integrity": "sha1-+XD2IZKzmBZC/sRv0NsYoHT+h50=",
      "requires": {
        "@babel/runtime": "^7.5.5",
        "hoist-non-react-statics": "^3.3.0",
        "loose-envify": "^1.4.0",
        "prop-types": "^15.7.2",
        "react-is": "^16.9.0"
      }
    },
    "redux": {
      "version": "4.0.5",
      "resolved": "https://registry.npmjs.intuit.com:443/artifactory/api/npm/npm-intuit/redux/-/redux-4.0.5.tgz",
      "integrity": "sha1-TbXeWBbheJHeioDEJCMtBvBR2T8=",
      "requires": {
        "loose-envify": "^1.4.0",
        "symbol-observable": "^1.2.0"
      }
    },
    "regenerator-runtime": {
      "version": "0.13.5",
      "resolved": "https://registry.npmjs.intuit.com:443/artifactory/api/npm/npm-intuit/regenerator-runtime/-/regenerator-runtime-0.13.5.tgz",
      "integrity": "sha1-2Hih0JS0MG0QuQlkhLM+vVXiZpc="
    },
    "symbol-observable": {
      "version": "1.2.0",
      "resolved": "https://registry.npmjs.intuit.com:443/artifactory/api/npm/npm-intuit/symbol-observable/-/symbol-observable-1.2.0.tgz",
      "integrity": "sha1-wiaIrtTqs83C3+rLtWFmBWCgCAQ="
    },
    "tiny-invariant": {
      "version": "1.1.0",
      "resolved": "https://registry.npmjs.intuit.com:443/artifactory/api/npm/npm-intuit/tiny-invariant/-/tiny-invariant-1.1.0.tgz",
      "integrity": "sha1-Y0xfjv3CdxS384bDXmdgmR0jCHU="
    },
    "use-memo-one": {
      "version": "1.1.1",
      "resolved": "https://registry.npmjs.intuit.com:443/artifactory/api/npm/npm-intuit/use-memo-one/-/use-memo-one-1.1.1.tgz",
      "integrity": "sha1-Oebwj+J+Qip9eyNLX5BWrzE70iw="
    }
  }
}
